
Microsoft Visual Studio Solution File, Format Version 12.00
# Visual Studio 15
VisualStudioVersion = 15.0.28010.0
MinimumVisualStudioVersion = 10.0.40219.1
Project("{FAE04EC0-301F-11D3-BF4B-00C04F79EFBC}") = "DatabaseManager", "DatabaseManager.csproj", "{D9DDF7B7-27DA-4C7B-A2F9-7C35915F6652}"
EndProject
Global
	GlobalSection(SolutionConfigurationPlatforms) = preSolution
		Debug|Any CPU = Debug|Any CPU
		Release|Any CPU = Release|Any CPU
	EndGlobalSection
	GlobalSection(ProjectConfigurationPlatforms) = postSolution
		{D9DDF7B7-27DA-4C7B-A2F9-7C35915F6652}.Debug|Any CPU.ActiveCfg = Debug|Any CPU
		{D9DDF7B7-27DA-4C7B-A2F9-7C35915F6652}.Debug|Any CPU.Build.0 = Debug|Any CPU
		{D9DDF7B7-27DA-4C7B-A2F9-7C35915F6652}.Release|Any CPU.ActiveCfg = Release|Any CPU
		{D9DDF7B7-27DA-4C7B-A2F9-7C35915F6652}.Release|Any CPU.Build.0 = Release|Any CPU
	EndGlobalSection
	GlobalSection(SolutionProperties) = preSolution
		HideSolutionNode = FALSE
	EndGlobalSection
	GlobalSection(ExtensibilityGlobals) = postSolution
		SolutionGuid = {DB2893B5-A4AC-4003-9959-7D0AE5963DBC}
	EndGlobalSection
EndGlobal
